// !$*UTF8*$!
{
	archiveVersion = 1;
	classes = {
	};
	objectVersion = 50;
	objects = {

/* Begin PBXBuildFile section */
		CD6FDECC261B654E005FD25B /* InstagramSwiftUICloneApp.swift in Sources */ = {isa = PBXBuildFile; fileRef = CD6FDECB261B654E005FD25B /* InstagramSwiftUICloneApp.swift */; };
		CD6FDECE261B654E005FD25B /* ContentView.swift in Sources */ = {isa = PBXBuildFile; fileRef = CD6FDECD261B654E005FD25B /* ContentView.swift */; };
		CD6FDED0261B6550005FD25B /* Assets.xcassets in Resources */ = {isa = PBXBuildFile; fileRef = CD6FDECF261B6550005FD25B /* Assets.xcassets */; };
		CD6FDED3261B6550005FD25B /* Preview Assets.xcassets in Resources */ = {isa = PBXBuildFile; fileRef = CD6FDED2261B6550005FD25B /* Preview Assets.xcassets */; };
		CD6FDEF3261B6B38005FD25B /* NotificationView.swift in Sources */ = {isa = PBXBuildFile; fileRef = CD6FDEF2261B6B38005FD25B /* NotificationView.swift */; };
		CD6FDEF6261B6B43005FD25B /* UploadPostView.swift in Sources */ = {isa = PBXBuildFile; fileRef = CD6FDEF5261B6B43005FD25B /* UploadPostView.swift */; };
		CD6FDEF9261B6B5E005FD25B /* ProfileView.swift in Sources */ = {isa = PBXBuildFile; fileRef = CD6FDEF8261B6B5E005FD25B /* ProfileView.swift */; };
		CD6FDEFC261B6B6B005FD25B /* FeedView.swift in Sources */ = {isa = PBXBuildFile; fileRef = CD6FDEFB261B6B6B005FD25B /* FeedView.swift */; };
		CD6FDEFF261B6B75005FD25B /* SearchView.swift in Sources */ = {isa = PBXBuildFile; fileRef = CD6FDEFE261B6B75005FD25B /* SearchView.swift */; };
		CD6FDF02261B6B84005FD25B /* MainTabView.swift in Sources */ = {isa = PBXBuildFile; fileRef = CD6FDF01261B6B84005FD25B /* MainTabView.swift */; };
/* End PBXBuildFile section */

/* Begin PBXFileReference section */
		CD6FDEC8261B654E005FD25B /* InstagramSwiftUIClone.app */ = {isa = PBXFileReference; explicitFileType = wrapper.application; includeInIndex = 0; path = InstagramSwiftUIClone.app; sourceTree = BUILT_PRODUCTS_DIR; };
		CD6FDECB261B654E005FD25B /* InstagramSwiftUICloneApp.swift */ = {isa = PBXFileReference; lastKnownFileType = sourcecode.swift; path = InstagramSwiftUICloneApp.swift; sourceTree = "<group>"; };
		CD6FDECD261B654E005FD25B /* ContentView.swift */ = {isa = PBXFileReference; lastKnownFileType = sourcecode.swift; path = ContentView.swift; sourceTree = "<group>"; };
		CD6FDECF261B6550005FD25B /* Assets.xcassets */ = {isa = PBXFileReference; lastKnownFileType = folder.assetcatalog; path = Assets.xcassets; sourceTree = "<group>"; };
		CD6FDED2261B6550005FD25B /* Preview Assets.xcassets */ = {isa = PBXFileReference; lastKnownFileType = folder.assetcatalog; path = "Preview Assets.xcassets"; sourceTree = "<group>"; };
		CD6FDED4261B6550005FD25B /* Info.plist */ = {isa = PBXFileReference; lastKnownFileType = text.plist.xml; path = Info.plist; sourceTree = "<group>"; };
		CD6FDEF2261B6B38005FD25B /* NotificationView.swift */ = {isa = PBXFileReference; lastKnownFileType = sourcecode.swift; path = NotificationView.swift; sourceTree = "<group>"; };
		CD6FDEF5261B6B43005FD25B /* UploadPostView.swift */ = {isa = PBXFileReference; lastKnownFileType = sourcecode.swift; path = UploadPostView.swift; sourceTree = "<group>"; };
		CD6FDEF8261B6B5E005FD25B /* ProfileView.swift */ = {isa = PBXFileReference; lastKnownFileType = sourcecode.swift; path = ProfileView.swift; sourceTree = "<group>"; };
		CD6FDEFB261B6B6B005FD25B /* FeedView.swift */ = {isa = PBXFileReference; lastKnownFileType = sourcecode.swift; path = FeedView.swift; sourceTree = "<group>"; };
		CD6FDEFE261B6B75005FD25B /* SearchView.swift */ = {isa = PBXFileReference; lastKnownFileType = sourcecode.swift; path = SearchView.swift; sourceTree = "<group>"; };
		CD6FDF01261B6B84005FD25B /* MainTabView.swift */ = {isa = PBXFileReference; lastKnownFileType = sourcecode.swift; path = MainTabView.swift; sourceTree = "<group>"; };
/* End PBXFileReference section */

/* Begin PBXFrameworksBuildPhase section */
		CD6FDEC5261B654E005FD25B /* Frameworks */ = {
			isa = PBXFrameworksBuildPhase;
			buildActionMask = 2147483647;
			files = (
			);
			runOnlyForDeploymentPostprocessing = 0;
		};
/* End PBXFrameworksBuildPhase section */

/* Begin PBXGroup section */
		CD6FDEBF261B654D005FD25B = {
			isa = PBXGroup;
			children = (
				CD6FDECA261B654E005FD25B /* InstagramSwiftUIClone */,
				CD6FDEC9261B654E005FD25B /* Products */,
			);
			sourceTree = "<group>";
		};
		CD6FDEC9261B654E005FD25B /* Products */ = {
			isa = PBXGroup;
			children = (
				CD6FDEC8261B654E005FD25B /* InstagramSwiftUIClone.app */,
			);
			name = Products;
			sourceTree = "<group>";
		};
		CD6FDECA261B654E005FD25B /* InstagramSwiftUIClone */ = {
			isa = PBXGroup;
			children = (
				CD6FDEDF261B67B9005FD25B /* Utils */,
				CD6FDEDE261B67B2005FD25B /* API */,
				CD6FDEDD261B67AA005FD25B /* ViewModel */,
				CD6FDEDC261B67A4005FD25B /* View */,
				CD6FDEDB261B679D005FD25B /* Model */,
				CD6FDECB261B654E005FD25B /* InstagramSwiftUICloneApp.swift */,
				CD6FDECF261B6550005FD25B /* Assets.xcassets */,
				CD6FDED4261B6550005FD25B /* Info.plist */,
				CD6FDED1261B6550005FD25B /* Preview Content */,
			);
			path = InstagramSwiftUIClone;
			sourceTree = "<group>";
		};
		CD6FDED1261B6550005FD25B /* Preview Content */ = {
			isa = PBXGroup;
			children = (
				CD6FDED2261B6550005FD25B /* Preview Assets.xcassets */,
			);
			path = "Preview Content";
			sourceTree = "<group>";
		};
		CD6FDEDB261B679D005FD25B /* Model */ = {
			isa = PBXGroup;
			children = (
			);
			path = Model;
			sourceTree = "<group>";
		};
		CD6FDEDC261B67A4005FD25B /* View */ = {
			isa = PBXGroup;
			children = (
				CD6FDEE8261B67F8005FD25B /* Main */,
				CD6FDEE7261B67F2005FD25B /* Upload Post */,
				CD6FDEE6261B67E9005FD25B /* Profile */,
				CD6FDEE5261B67E5005FD25B /* Feed */,
				CD6FDEE4261B67E0005FD25B /* Comment */,
				CD6FDEE3261B67D7005FD25B /* Search */,
				CD6FDEE2261B67D3005FD25B /* Notification */,
				CD6FDEE1261B67CB005FD25B /* Authentication */,
				CD6FDEE0261B67C5005FD25B /* Items */,
			);
			path = View;
			sourceTree = "<group>";
		};
		CD6FDEDD261B67AA005FD25B /* ViewModel */ = {
			isa = PBXGroup;
			children = (
				CD6FDEEC261B6854005FD25B /* Feed */,
				CD6FDEEB261B684A005FD25B /* Notification */,
				CD6FDEEA261B683C005FD25B /* Authentication */,
				CD6FDEE9261B6834005FD25B /* Profile */,
			);
			path = ViewModel;
			sourceTree = "<group>";
		};
		CD6FDEDE261B67B2005FD25B /* API */ = {
			isa = PBXGroup;
			children = (
			);
			path = API;
			sourceTree = "<group>";
		};
		CD6FDEDF261B67B9005FD25B /* Utils */ = {
			isa = PBXGroup;
			children = (
			);
			path = Utils;
			sourceTree = "<group>";
		};
		CD6FDEE0261B67C5005FD25B /* Items */ = {
			isa = PBXGroup;
			children = (
			);
			path = Items;
			sourceTree = "<group>";
		};
		CD6FDEE1261B67CB005FD25B /* Authentication */ = {
			isa = PBXGroup;
			children = (
			);
			path = Authentication;
			sourceTree = "<group>";
		};
		CD6FDEE2261B67D3005FD25B /* Notification */ = {
			isa = PBXGroup;
			children = (
				CD6FDEF2261B6B38005FD25B /* NotificationView.swift */,
			);
			path = Notification;
			sourceTree = "<group>";
		};
		CD6FDEE3261B67D7005FD25B /* Search */ = {
			isa = PBXGroup;
			children = (
				CD6FDEFE261B6B75005FD25B /* SearchView.swift */,
			);
			path = Search;
			sourceTree = "<group>";
		};
		CD6FDEE4261B67E0005FD25B /* Comment */ = {
			isa = PBXGroup;
			children = (
			);
			path = Comment;
			sourceTree = "<group>";
		};
		CD6FDEE5261B67E5005FD25B /* Feed */ = {
			isa = PBXGroup;
			children = (
				CD6FDEFB261B6B6B005FD25B /* FeedView.swift */,
			);
			path = Feed;
			sourceTree = "<group>";
		};
		CD6FDEE6261B67E9005FD25B /* Profile */ = {
			isa = PBXGroup;
			children = (
				CD6FDEF8261B6B5E005FD25B /* ProfileView.swift */,
			);
			path = Profile;
			sourceTree = "<group>";
		};
		CD6FDEE7261B67F2005FD25B /* Upload Post */ = {
			isa = PBXGroup;
			children = (
				CD6FDEF5261B6B43005FD25B /* UploadPostView.swift */,
			);
			path = "Upload Post";
			sourceTree = "<group>";
		};
		CD6FDEE8261B67F8005FD25B /* Main */ = {
			isa = PBXGroup;
			children = (
				CD6FDECD261B654E005FD25B /* ContentView.swift */,
				CD6FDF01261B6B84005FD25B /* MainTabView.swift */,
			);
			path = Main;
			sourceTree = "<group>";
		};
		CD6FDEE9261B6834005FD25B /* Profile */ = {
			isa = PBXGroup;
			children = (
			);
			path = Profile;
			sourceTree = "<group>";
		};
		CD6FDEEA261B683C005FD25B /* Authentication */ = {
			isa = PBXGroup;
			children = (
			);
			path = Authentication;
			sourceTree = "<group>";
		};
		CD6FDEEB261B684A005FD25B /* Notification */ = {
			isa = PBXGroup;
			children = (
			);
			path = Notification;
			sourceTree = "<group>";
		};
		CD6FDEEC261B6854005FD25B /* Feed */ = {
			isa = PBXGroup;
			children = (
			);
			path = Feed;
			sourceTree = "<group>";
		};
/* End PBXGroup section */

/* Begin PBXNativeTarget section */
		CD6FDEC7261B654E005FD25B /* InstagramSwiftUIClone */ = {
			isa = PBXNativeTarget;
			buildConfigurationList = CD6FDED7261B6550005FD25B /* Build configuration list for PBXNativeTarget "InstagramSwiftUIClone" */;
			buildPhases = (
				CD6FDEC4261B654E005FD25B /* Sources */,
				CD6FDEC5261B654E005FD25B /* Frameworks */,
				CD6FDEC6261B654E005FD25B /* Resources */,
			);
			buildRules = (
			);
			dependencies = (
			);
			name = InstagramSwiftUIClone;
			productName = InstagramSwiftUIClone;
			productReference = CD6FDEC8261B654E005FD25B /* InstagramSwiftUIClone.app */;
			productType = "com.apple.product-type.application";
		};
/* End PBXNativeTarget section */

/* Begin PBXProject section */
		CD6FDEC0261B654D005FD25B /* Project object */ = {
			isa = PBXProject;
			attributes = {
				LastSwiftUpdateCheck = 1230;
				LastUpgradeCheck = 1230;
				TargetAttributes = {
					CD6FDEC7261B654E005FD25B = {
						CreatedOnToolsVersion = 12.3;
					};
				};
			};
			buildConfigurationList = CD6FDEC3261B654D005FD25B /* Build configuration list for PBXProject "InstagramSwiftUIClone" */;
			compatibilityVersion = "Xcode 9.3";
			developmentRegion = en;
			hasScannedForEncodings = 0;
			knownRegions = (
				en,
				Base,
			);
			mainGroup = CD6FDEBF261B654D005FD25B;
			productRefGroup = CD6FDEC9261B654E005FD25B /* Products */;
			projectDirPath = "";
			projectRoot = "";
			targets = (
				CD6FDEC7261B654E005FD25B /* InstagramSwiftUIClone */,
			);
		};
/* End PBXProject section */

/* Begin PBXResourcesBuildPhase section */
		CD6FDEC6261B654E005FD25B /* Resources */ = {
			isa = PBXResourcesBuildPhase;
			buildActionMask = 2147483647;
			files = (
				CD6FDED3261B6550005FD25B /* Preview Assets.xcassets in Resources */,
				CD6FDED0261B6550005FD25B /* Assets.xcassets in Resources */,
			);
			runOnlyForDeploymentPostprocessing = 0;
		};
/* End PBXResourcesBuildPhase section */

/* Begin PBXSourcesBuildPhase section */
		CD6FDEC4261B654E005FD25B /* Sources */ = {
			isa = PBXSourcesBuildPhase;
			buildActionMask = 2147483647;
			files = (
				CD6FDECE261B654E005FD25B /* ContentView.swift in Sources */,
				CD6FDEF6261B6B43005FD25B /* UploadPostView.swift in Sources */,
				CD6FDEF9261B6B5E005FD25B /* ProfileView.swift in Sources */,
				CD6FDF02261B6B84005FD25B /* MainTabView.swift in Sources */,
				CD6FDEFF261B6B75005FD25B /* SearchView.swift in Sources */,
				CD6FDECC261B654E005FD25B /* InstagramSwiftUICloneApp.swift in Sources */,
				CD6FDEFC261B6B6B005FD25B /* FeedView.swift in Sources */,
				CD6FDEF3261B6B38005FD25B /* NotificationView.swift in Sources */,
			);
			runOnlyForDeploymentPostprocessing = 0;
		};
/* End PBXSourcesBuildPhase section */

/* Begin XCBuildConfiguration section */
		CD6FDED5261B6550005FD25B /* Debug */ = {
			isa = XCBuildConfiguration;
			buildSettings = {
				ALWAYS_SEARCH_USER_PATHS = NO;
				CLANG_ANALYZER_NONNULL = YES;
				CLANG_ANALYZER_NUMBER_OBJECT_CONVERSION = YES_AGGRESSIVE;
				CLANG_CXX_LANGUAGE_STANDARD = "gnu++14";
				CLANG_CXX_LIBRARY = "libc++";
				CLANG_ENABLE_MODULES = YES;
				CLANG_ENABLE_OBJC_ARC = YES;
				CLANG_ENABLE_OBJC_WEAK = YES;
				CLANG_WARN_BLOCK_CAPTURE_AUTORELEASING = YES;
				CLANG_WARN_BOOL_CONVERSION = YES;
				CLANG_WARN_COMMA = YES;
				CLANG_WARN_CONSTANT_CONVERSION = YES;
				CLANG_WARN_DEPRECATED_OBJC_IMPLEMENTATIONS = YES;
				CLANG_WARN_DIRECT_OBJC_ISA_USAGE = YES_ERROR;
				CLANG_WARN_DOCUMENTATION_COMMENTS = YES;
				CLANG_WARN_EMPTY_BODY = YES;
				CLANG_WARN_ENUM_CONVERSION = YES;
				CLANG_WARN_INFINITE_RECURSION = YES;
				CLANG_WARN_INT_CONVERSION = YES;
				CLANG_WARN_NON_LITERAL_NULL_CONVERSION = YES;
				CLANG_WARN_OBJC_IMPLICIT_RETAIN_SELF = YES;
				CLANG_WARN_OBJC_LITERAL_CONVERSION = YES;
				CLANG_WARN_OBJC_ROOT_CLASS = YES_ERROR;
				CLANG_WARN_QUOTED_INCLUDE_IN_FRAMEWORK_HEADER = YES;
				CLANG_WARN_RANGE_LOOP_ANALYSIS = YES;
				CLANG_WARN_STRICT_PROTOTYPES = YES;
				CLANG_WARN_SUSPICIOUS_MOVE = YES;
				CLANG_WARN_UNGUARDED_AVAILABILITY = YES_AGGRESSIVE;
				CLANG_WARN_UNREACHABLE_CODE = YES;
				CLANG_WARN__DUPLICATE_METHOD_MATCH = YES;
				COPY_PHASE_STRIP = NO;
				DEBUG_INFORMATION_FORMAT = dwarf;
				ENABLE_STRICT_OBJC_MSGSEND = YES;
				ENABLE_TESTABILITY = YES;
				GCC_C_LANGUAGE_STANDARD = gnu11;
				GCC_DYNAMIC_NO_PIC = NO;
				GCC_NO_COMMON_BLOCKS = YES;
				GCC_OPTIMIZATION_LEVEL = 0;
				GCC_PREPROCESSOR_DEFINITIONS = (
					"DEBUG=1",
					"$(inherited)",
				);
				GCC_WARN_64_TO_32_BIT_CONVERSION = YES;
				GCC_WARN_ABOUT_RETURN_TYPE = YES_ERROR;
				GCC_WARN_UNDECLARED_SELECTOR = YES;
				GCC_WARN_UNINITIALIZED_AUTOS = YES_AGGRESSIVE;
				GCC_WARN_UNUSED_FUNCTION = YES;
				GCC_WARN_UNUSED_VARIABLE = YES;
				IPHONEOS_DEPLOYMENT_TARGET = 14.3;
				MTL_ENABLE_DEBUG_INFO = INCLUDE_SOURCE;
				MTL_FAST_MATH = YES;
				ONLY_ACTIVE_ARCH = YES;
				SDKROOT = iphoneos;
				SWIFT_ACTIVE_COMPILATION_CONDITIONS = DEBUG;
				SWIFT_OPTIMIZATION_LEVEL = "-Onone";
			};
			name = Debug;
		};
		CD6FDED6261B6550005FD25B /* Release */ = {
			isa = XCBuildConfiguration;
			buildSettings = {
				ALWAYS_SEARCH_USER_PATHS = NO;
				CLANG_ANALYZER_NONNULL = YES;
				CLANG_ANALYZER_NUMBER_OBJECT_CONVERSION = YES_AGGRESSIVE;
				CLANG_CXX_LANGUAGE_STANDARD = "gnu++14";
				CLANG_CXX_LIBRARY = "libc++";
				CLANG_ENABLE_MODULES = YES;
				CLANG_ENABLE_OBJC_ARC = YES;
				CLANG_ENABLE_OBJC_WEAK = YES;
				CLANG_WARN_BLOCK_CAPTURE_AUTORELEASING = YES;
				CLANG_WARN_BOOL_CONVERSION = YES;
				CLANG_WARN_COMMA = YES;
				CLANG_WARN_CONSTANT_CONVERSION = YES;
				CLANG_WARN_DEPRECATED_OBJC_IMPLEMENTATIONS = YES;
				CLANG_WARN_DIRECT_OBJC_ISA_USAGE = YES_ERROR;
				CLANG_WARN_DOCUMENTATION_COMMENTS = YES;
				CLANG_WARN_EMPTY_BODY = YES;
				CLANG_WARN_ENUM_CONVERSION = YES;
				CLANG_WARN_INFINITE_RECURSION = YES;
				CLANG_WARN_INT_CONVERSION = YES;
				CLANG_WARN_NON_LITERAL_NULL_CONVERSION = YES;
				CLANG_WARN_OBJC_IMPLICIT_RETAIN_SELF = YES;
				CLANG_WARN_OBJC_LITERAL_CONVERSION = YES;
				CLANG_WARN_OBJC_ROOT_CLASS = YES_ERROR;
				CLANG_WARN_QUOTED_INCLUDE_IN_FRAMEWORK_HEADER = YES;
				CLANG_WARN_RANGE_LOOP_ANALYSIS = YES;
				CLANG_WARN_STRICT_PROTOTYPES = YES;
				CLANG_WARN_SUSPICIOUS_MOVE = YES;
				CLANG_WARN_UNGUARDED_AVAILABILITY = YES_AGGRESSIVE;
				CLANG_WARN_UNREACHABLE_CODE = YES;
				CLANG_WARN__DUPLICATE_METHOD_MATCH = YES;
				COPY_PHASE_STRIP = NO;
				DEBUG_INFORMATION_FORMAT = "dwarf-with-dsym";
				ENABLE_NS_ASSERTIONS = NO;
				ENABLE_STRICT_OBJC_MSGSEND = YES;
				GCC_C_LANGUAGE_STANDARD = gnu11;
				GCC_NO_COMMON_BLOCKS = YES;
				GCC_WARN_64_TO_32_BIT_CONVERSION = YES;
				GCC_WARN_ABOUT_RETURN_TYPE = YES_ERROR;
				GCC_WARN_UNDECLARED_SELECTOR = YES;
				GCC_WARN_UNINITIALIZED_AUTOS = YES_AGGRESSIVE;
				GCC_WARN_UNUSED_FUNCTION = YES;
				GCC_WARN_UNUSED_VARIABLE = YES;
				IPHONEOS_DEPLOYMENT_TARGET = 14.3;
				MTL_ENABLE_DEBUG_INFO = NO;
				MTL_FAST_MATH = YES;
				SDKROOT = iphoneos;
				SWIFT_COMPILATION_MODE = wholemodule;
				SWIFT_OPTIMIZATION_LEVEL = "-O";
				VALIDATE_PRODUCT = YES;
			};
			name = Release;
		};
		CD6FDED8261B6550005FD25B /* Debug */ = {
			isa = XCBuildConfiguration;
			buildSettings = {
				ASSETCATALOG_COMPILER_APPICON_NAME = AppIcon;
				ASSETCATALOG_COMPILER_GLOBAL_ACCENT_COLOR_NAME = AccentColor;
				CODE_SIGN_STYLE = Automatic;
				DEVELOPMENT_ASSET_PATHS = "\"InstagramSwiftUIClone/Preview Content\"";
				DEVELOPMENT_TEAM = SB7P82G36F;
				ENABLE_PREVIEWS = YES;
				INFOPLIST_FILE = InstagramSwiftUIClone/Info.plist;
				IPHONEOS_DEPLOYMENT_TARGET = 14.0;
				LD_RUNPATH_SEARCH_PATHS = (
					"$(inherited)",
					"@executable_path/Frameworks",
				);
				PRODUCT_BUNDLE_IDENTIFIER = co.adityafarhan.InstagramSwiftUIClone;
				PRODUCT_NAME = "$(TARGET_NAME)";
				SWIFT_VERSION = 5.0;
				TARGETED_DEVICE_FAMILY = "1,2";
			};
			name = Debug;
		};
		CD6FDED9261B6550005FD25B /* Release */ = {
			isa = XCBuildConfiguration;
			buildSettings = {
				ASSETCATALOG_COMPILER_APPICON_NAME = AppIcon;
				ASSETCATALOG_COMPILER_GLOBAL_ACCENT_COLOR_NAME = AccentColor;
				CODE_SIGN_STYLE = Automatic;
				DEVELOPMENT_ASSET_PATHS = "\"InstagramSwiftUIClone/Preview Content\"";
				DEVELOPMENT_TEAM = SB7P82G36F;
				ENABLE_PREVIEWS = YES;
				INFOPLIST_FILE = InstagramSwiftUIClone/Info.plist;
				IPHONEOS_DEPLOYMENT_TARGET = 14.0;
				LD_RUNPATH_SEARCH_PATHS = (
					"$(inherited)",
					"@executable_path/Frameworks",
				);
				PRODUCT_BUNDLE_IDENTIFIER = co.adityafarhan.InstagramSwiftUIClone;
				PRODUCT_NAME = "$(TARGET_NAME)";
				SWIFT_VERSION = 5.0;
				TARGETED_DEVICE_FAMILY = "1,2";
			};
			name = Release;
		};
/* End XCBuildConfiguration section */

/* Begin XCConfigurationList section */
		CD6FDEC3261B654D005FD25B /* Build configuration list for PBXProject "InstagramSwiftUIClone" */ = {
			isa = XCConfigurationList;
			buildConfigurations = (
				CD6FDED5261B6550005FD25B /* Debug */,
				CD6FDED6261B6550005FD25B /* Release */,
			);
			defaultConfigurationIsVisible = 0;
			defaultConfigurationName = Release;
		};
		CD6FDED7261B6550005FD25B /* Build configuration list for PBXNativeTarget "InstagramSwiftUIClone" */ = {
			isa = XCConfigurationList;
			buildConfigurations = (
				CD6FDED8261B6550005FD25B /* Debug */,
				CD6FDED9261B6550005FD25B /* Release */,
			);
			defaultConfigurationIsVisible = 0;
			defaultConfigurationName = Release;
		};
/* End XCConfigurationList section */
	};
	rootObject = CD6FDEC0261B654D005FD25B /* Project object */;
}
